
Microsoft Visual Studio Solution File, Format Version 12.00
# Visual Studio 15
VisualStudioVersion = 15.0.26430.12
MinimumVisualStudioVersion = 10.0.40219.1
Project("{FAE04EC0-301F-11D3-BF4B-00C04F79EFBC}") = "UoW_Sample", "UoW_Sample\UoW_Sample.csproj", "{797F8629-0F8A-412B-8972-A46533D84D6A}"
EndProject
Global
	GlobalSection(SolutionConfigurationPlatforms) = preSolution
		Debug|Any CPU = Debug|Any CPU
		Release|Any CPU = Release|Any CPU
	EndGlobalSection
	GlobalSection(ProjectConfigurationPlatforms) = postSolution
		{797F8629-0F8A-412B-8972-A46533D84D6A}.Debug|Any CPU.ActiveCfg = Debug|Any CPU
		{797F8629-0F8A-412B-8972-A46533D84D6A}.Debug|Any CPU.Build.0 = Debug|Any CPU
		{797F8629-0F8A-412B-8972-A46533D84D6A}.Release|Any CPU.ActiveCfg = Release|Any CPU
		{797F8629-0F8A-412B-8972-A46533D84D6A}.Release|Any CPU.Build.0 = Release|Any CPU
	EndGlobalSection
	GlobalSection(SolutionProperties) = preSolution
		HideSolutionNode = FALSE
	EndGlobalSection
EndGlobal
